
Microsoft Visual Studio Solution File, Format Version 12.00
# Visual Studio Version 17
VisualStudioVersion = 17.13.35825.156
MinimumVisualStudioVersion = 10.0.40219.1
Project("{FAE04EC0-301F-11D3-BF4B-00C04F79EFBC}") = "Backend", "Backend\Backend.csproj", "{F403046B-DD4B-4BB7-9F4C-33423120161B}"
EndProject
Project("{00D1A9C2-B5F0-4AF3-8072-F6C62B433612}") = "Database", "Database\Database.sqlproj", "{7681DF01-D8D9-4912-AFDC-B53D08431740}"
EndProject
Global
	GlobalSection(SolutionConfigurationPlatforms) = preSolution
		Debug|Any CPU = Debug|Any CPU
		Release|Any CPU = Release|Any CPU
	EndGlobalSection
	GlobalSection(ProjectConfigurationPlatforms) = postSolution
		{F403046B-DD4B-4BB7-9F4C-33423120161B}.Debug|Any CPU.ActiveCfg = Debug|Any CPU
		{F403046B-DD4B-4BB7-9F4C-33423120161B}.Debug|Any CPU.Build.0 = Debug|Any CPU
		{F403046B-DD4B-4BB7-9F4C-33423120161B}.Release|Any CPU.ActiveCfg = Release|Any CPU
		{F403046B-DD4B-4BB7-9F4C-33423120161B}.Release|Any CPU.Build.0 = Release|Any CPU
		{7681DF01-D8D9-4912-AFDC-B53D08431740}.Debug|Any CPU.ActiveCfg = Debug|Any CPU
		{7681DF01-D8D9-4912-AFDC-B53D08431740}.Debug|Any CPU.Build.0 = Debug|Any CPU
		{7681DF01-D8D9-4912-AFDC-B53D08431740}.Debug|Any CPU.Deploy.0 = Debug|Any CPU
		{7681DF01-D8D9-4912-AFDC-B53D08431740}.Release|Any CPU.ActiveCfg = Release|Any CPU
		{7681DF01-D8D9-4912-AFDC-B53D08431740}.Release|Any CPU.Build.0 = Release|Any CPU
		{7681DF01-D8D9-4912-AFDC-B53D08431740}.Release|Any CPU.Deploy.0 = Release|Any CPU
	EndGlobalSection
	GlobalSection(SolutionProperties) = preSolution
		HideSolutionNode = FALSE
	EndGlobalSection
	GlobalSection(ExtensibilityGlobals) = postSolution
		SolutionGuid = {B291EFF3-805B-4DFF-B834-1C8711203BCE}
	EndGlobalSection
EndGlobal
